
Microsoft Visual Studio Solution File, Format Version 12.00
# Visual Studio 14
VisualStudioVersion = 14.0.24720.0
MinimumVisualStudioVersion = 10.0.40219.1
Project("{FAE04EC0-301F-11D3-BF4B-00C04F79EFBC}") = "CulinaryGuide", "CulinaryGuide\CulinaryGuide.csproj", "{60628B70-8402-4BFA-B44C-3B16238E7B05}"
EndProject
Project("{54435603-DBB4-11D2-8724-00A0C9A8B90C}") = "CulinaryGuideInstaller", "CulinaryGuideInstaller\CulinaryGuideInstaller.vdproj", "{C6A5B251-8506-4BC0-AA28-7B69F6B547A7}"
EndProject
Global
	GlobalSection(SolutionConfigurationPlatforms) = preSolution
		Debug|Any CPU = Debug|Any CPU
		Release|Any CPU = Release|Any CPU
	EndGlobalSection
	GlobalSection(ProjectConfigurationPlatforms) = postSolution
		{60628B70-8402-4BFA-B44C-3B16238E7B05}.Debug|Any CPU.ActiveCfg = Debug|Any CPU
		{60628B70-8402-4BFA-B44C-3B16238E7B05}.Debug|Any CPU.Build.0 = Debug|Any CPU
		{60628B70-8402-4BFA-B44C-3B16238E7B05}.Release|Any CPU.ActiveCfg = Release|Any CPU
		{60628B70-8402-4BFA-B44C-3B16238E7B05}.Release|Any CPU.Build.0 = Release|Any CPU
		{C6A5B251-8506-4BC0-AA28-7B69F6B547A7}.Debug|Any CPU.ActiveCfg = Debug
		{C6A5B251-8506-4BC0-AA28-7B69F6B547A7}.Release|Any CPU.ActiveCfg = Release
	EndGlobalSection
	GlobalSection(SolutionProperties) = preSolution
		HideSolutionNode = FALSE
	EndGlobalSection
EndGlobal
